
Microsoft Visual Studio Solution File, Format Version 12.00
# Visual Studio Version 16
VisualStudioVersion = 16.0.29102.190
MinimumVisualStudioVersion = 10.0.40219.1
Project("{9A19103F-16F7-4668-BE54-9A1E7A4F7556}") = "AppControle.Domain", "AppControle.Domain\AppControle.Domain.csproj", "{60D47412-060D-47FD-92EC-38FA0B6B18C2}"
EndProject
Project("{9A19103F-16F7-4668-BE54-9A1E7A4F7556}") = "AppControle.Repository", "AppControle.Repository\AppControle.Repository.csproj", "{C35FCDE3-A18B-4FC3-A2FC-D94729CD3F34}"
EndProject
Project("{FAE04EC0-301F-11D3-BF4B-00C04F79EFBC}") = "AppControle.WebCore", "AppControle.WebCore\AppControle.WebCore.csproj", "{01AD8EDA-B3EE-46A7-85F6-780A55636C20}"
EndProject
Global
	GlobalSection(SolutionConfigurationPlatforms) = preSolution
		Debug|Any CPU = Debug|Any CPU
		Release|Any CPU = Release|Any CPU
	EndGlobalSection
	GlobalSection(ProjectConfigurationPlatforms) = postSolution
		{60D47412-060D-47FD-92EC-38FA0B6B18C2}.Debug|Any CPU.ActiveCfg = Debug|Any CPU
		{60D47412-060D-47FD-92EC-38FA0B6B18C2}.Debug|Any CPU.Build.0 = Debug|Any CPU
		{60D47412-060D-47FD-92EC-38FA0B6B18C2}.Release|Any CPU.ActiveCfg = Release|Any CPU
		{60D47412-060D-47FD-92EC-38FA0B6B18C2}.Release|Any CPU.Build.0 = Release|Any CPU
		{C35FCDE3-A18B-4FC3-A2FC-D94729CD3F34}.Debug|Any CPU.ActiveCfg = Debug|Any CPU
		{C35FCDE3-A18B-4FC3-A2FC-D94729CD3F34}.Debug|Any CPU.Build.0 = Debug|Any CPU
		{C35FCDE3-A18B-4FC3-A2FC-D94729CD3F34}.Release|Any CPU.ActiveCfg = Release|Any CPU
		{C35FCDE3-A18B-4FC3-A2FC-D94729CD3F34}.Release|Any CPU.Build.0 = Release|Any CPU
		{01AD8EDA-B3EE-46A7-85F6-780A55636C20}.Debug|Any CPU.ActiveCfg = Debug|Any CPU
		{01AD8EDA-B3EE-46A7-85F6-780A55636C20}.Debug|Any CPU.Build.0 = Debug|Any CPU
		{01AD8EDA-B3EE-46A7-85F6-780A55636C20}.Release|Any CPU.ActiveCfg = Release|Any CPU
		{01AD8EDA-B3EE-46A7-85F6-780A55636C20}.Release|Any CPU.Build.0 = Release|Any CPU
	EndGlobalSection
	GlobalSection(SolutionProperties) = preSolution
		HideSolutionNode = FALSE
	EndGlobalSection
	GlobalSection(ExtensibilityGlobals) = postSolution
		SolutionGuid = {4F402B7B-F198-4DD6-8FFE-9F35CEDF0B43}
	EndGlobalSection
EndGlobal
